{
  "name": "e2e",
  "version": "0.0.1",
  "lockfileVersion": 1,
  "requires": true,
  "dependencies": {
    "gstreamer-superficial": {
      "version": "1.0.0",
      "resolved": "https://registry.npmjs.org/gstreamer-superficial/-/gstreamer-superficial-1.0.0.tgz",
      "integrity": "sha512-oiIYEOLS/UO0c3+AzfQHZf79CpyaVHtIiGysiCDvUs9dvjDeQTQkpkXXrhJIBpKRDZnRurLqlUHlStgPXW78aQ==",
      "requires": {
        "nan": "^2.5.0"
      }
    },
    "nan": {
      "version": "2.13.1",
      "resolved": "https://registry.npmjs.org/nan/-/nan-2.13.1.tgz",
      "integrity": "sha512-I6YB/YEuDeUZMmhscXKxGgZlFnhsn5y0hgOZBadkzfTRrZBtJDZeg6eQf7PYMIEclwmorTKK8GztsyOUSVBREA=="
    }
  }
}
